
Microsoft Visual Studio Solution File, Format Version 11.00
# Visual Studio 2010
Project("{FAE04EC0-301F-11D3-BF4B-00C04F79EFBC}") = "Assembly-CSharp", "Assembly-CSharp.csproj", "{105b8ba8-bf7c-9761-49c1-b71fc5b26cfa}"
EndProject
Project("{FAE04EC0-301F-11D3-BF4B-00C04F79EFBC}") = "Assembly-CSharp-Editor", "Assembly-CSharp-Editor.csproj", "{d92cb41a-add9-ffde-8af4-84ab6a28dd1c}"
EndProject
Global
	GlobalSection(SolutionConfigurationPlatforms) = preSolution
		Debug|Any CPU = Debug|Any CPU
	EndGlobalSection
	GlobalSection(ProjectConfigurationPlatforms) = postSolution
		{105b8ba8-bf7c-9761-49c1-b71fc5b26cfa}.Debug|Any CPU.ActiveCfg = Debug|Any CPU
		{105b8ba8-bf7c-9761-49c1-b71fc5b26cfa}.Debug|Any CPU.Build.0 = Debug|Any CPU
		{d92cb41a-add9-ffde-8af4-84ab6a28dd1c}.Debug|Any CPU.ActiveCfg = Debug|Any CPU
		{d92cb41a-add9-ffde-8af4-84ab6a28dd1c}.Debug|Any CPU.Build.0 = Debug|Any CPU
	EndGlobalSection
	GlobalSection(SolutionProperties) = preSolution
		HideSolutionNode = FALSE
	EndGlobalSection
EndGlobal
